
Microsoft Visual Studio Solution File, Format Version 12.00
# Visual Studio Version 16
VisualStudioVersion = 16.0.30011.22
MinimumVisualStudioVersion = 10.0.40219.1
Project("{9A19103F-16F7-4668-BE54-9A1E7A4F7556}") = "Module_AlexeevD", "C:\Users\dalek\source\repos\Module_AlexeevD\Module_AlexeevD\Module_AlexeevD.csproj", "{BCE8DE98-0590-4CD1-B5BA-25DCFD27298E}"
EndProject
Global
	GlobalSection(SolutionConfigurationPlatforms) = preSolution
		Debug|Any CPU = Debug|Any CPU
		Release|Any CPU = Release|Any CPU
	EndGlobalSection
	GlobalSection(ProjectConfigurationPlatforms) = postSolution
		{BCE8DE98-0590-4CD1-B5BA-25DCFD27298E}.Debug|Any CPU.ActiveCfg = Debug|Any CPU
		{BCE8DE98-0590-4CD1-B5BA-25DCFD27298E}.Debug|Any CPU.Build.0 = Debug|Any CPU
		{BCE8DE98-0590-4CD1-B5BA-25DCFD27298E}.Release|Any CPU.ActiveCfg = Release|Any CPU
		{BCE8DE98-0590-4CD1-B5BA-25DCFD27298E}.Release|Any CPU.Build.0 = Release|Any CPU
	EndGlobalSection
	GlobalSection(SolutionProperties) = preSolution
		HideSolutionNode = FALSE
	EndGlobalSection
	GlobalSection(ExtensibilityGlobals) = postSolution
		SolutionGuid = {FC57E384-9B23-4337-87A2-4756309619FD}
	EndGlobalSection
EndGlobal
